
Microsoft Visual Studio Solution File, Format Version 12.00
# Visual Studio Version 17
VisualStudioVersion = 17.3.32929.385
MinimumVisualStudioVersion = 10.0.40219.1
Project("{9A19103F-16F7-4668-BE54-9A1E7A4F7556}") = "Tabulated", "Tabulated.csproj", "{7C125ED5-04CD-498B-A9E9-9396C1C5F71B}"
EndProject
Global
	GlobalSection(SolutionConfigurationPlatforms) = preSolution
		Debug|Any CPU = Debug|Any CPU
		Release|Any CPU = Release|Any CPU
	EndGlobalSection
	GlobalSection(ProjectConfigurationPlatforms) = postSolution
		{7C125ED5-04CD-498B-A9E9-9396C1C5F71B}.Debug|Any CPU.ActiveCfg = Debug|Any CPU
		{7C125ED5-04CD-498B-A9E9-9396C1C5F71B}.Debug|Any CPU.Build.0 = Debug|Any CPU
		{7C125ED5-04CD-498B-A9E9-9396C1C5F71B}.Release|Any CPU.ActiveCfg = Release|Any CPU
		{7C125ED5-04CD-498B-A9E9-9396C1C5F71B}.Release|Any CPU.Build.0 = Release|Any CPU
	EndGlobalSection
	GlobalSection(SolutionProperties) = preSolution
		HideSolutionNode = FALSE
	EndGlobalSection
	GlobalSection(ExtensibilityGlobals) = postSolution
		SolutionGuid = {53C4C06D-896D-425E-9C70-7B2868A78275}
	EndGlobalSection
EndGlobal
